
Microsoft Visual Studio Solution File, Format Version 12.00
# Visual Studio Version 17
VisualStudioVersion = 17.3.32811.315
MinimumVisualStudioVersion = 10.0.40219.1
Project("{9A19103F-16F7-4668-BE54-9A1E7A4F7556}") = "ShortCircuit", "ShotCircuit\ShortCircuit.csproj", "{BB2CFA60-7DAB-4961-B99F-BA1EFB661A96}"
EndProject
Project("{9A19103F-16F7-4668-BE54-9A1E7A4F7556}") = "ShortCircuit.Logging", "ShortCircuit.Logging\ShortCircuit.Logging.csproj", "{355E3992-3CC5-4010-8E90-9420BC26E5A8}"
EndProject
Project("{9A19103F-16F7-4668-BE54-9A1E7A4F7556}") = "ShortCircuit.FoDicom", "ShortCircuit.FoDicom\ShortCircuit.FoDicom.csproj", "{16E9B205-E023-49BB-9896-0F67B7CBF3F3}"
EndProject
Project("{9A19103F-16F7-4668-BE54-9A1E7A4F7556}") = "ShortCircuit.Logging.NLog", "ShortCircuit.Logging.NLog\ShortCircuit.Logging.NLog.csproj", "{6C1ECD2A-FFCB-42F6-B0E3-929C1F940275}"
EndProject
Project("{9A19103F-16F7-4668-BE54-9A1E7A4F7556}") = "ShortCircuit.Db", "ShortCircuit.Db\ShortCircuit.Db.csproj", "{5FD17DBB-EF4E-478D-9ECF-DF568D9CA424}"
EndProject
Project("{9A19103F-16F7-4668-BE54-9A1E7A4F7556}") = "ShortCircuit.Db.Npgsql", "ShortCircuit.Db.Npgsql\ShortCircuit.Db.Npgsql.csproj", "{9EEAF26A-2C83-4749-B6BA-4FECCE346C7C}"
EndProject
Project("{9A19103F-16F7-4668-BE54-9A1E7A4F7556}") = "ShortCircuitTest", "Tests\ShortCircuitTest\ShortCircuitTest.csproj", "{FBC2DB4D-C2B2-4770-8ADC-7FB2213D4CF4}"
EndProject
Project("{2150E333-8FDC-42A3-9474-1A3956D46DE8}") = "Tests", "Tests", "{D12029D7-4DF3-4927-94E8-BF6C402BF026}"
EndProject
Project("{FAE04EC0-301F-11D3-BF4B-00C04F79EFBC}") = "ShortCircuit.JaJp", "ShortCircuit.JaJp\ShortCircuit.JaJp.csproj", "{0ACB1E50-DAE4-468C-9F37-6CA87484272F}"
EndProject
Global
	GlobalSection(SolutionConfigurationPlatforms) = preSolution
		Debug|Any CPU = Debug|Any CPU
		Release|Any CPU = Release|Any CPU
	EndGlobalSection
	GlobalSection(ProjectConfigurationPlatforms) = postSolution
		{BB2CFA60-7DAB-4961-B99F-BA1EFB661A96}.Debug|Any CPU.ActiveCfg = Debug|Any CPU
		{BB2CFA60-7DAB-4961-B99F-BA1EFB661A96}.Debug|Any CPU.Build.0 = Debug|Any CPU
		{BB2CFA60-7DAB-4961-B99F-BA1EFB661A96}.Release|Any CPU.ActiveCfg = Release|Any CPU
		{BB2CFA60-7DAB-4961-B99F-BA1EFB661A96}.Release|Any CPU.Build.0 = Release|Any CPU
		{355E3992-3CC5-4010-8E90-9420BC26E5A8}.Debug|Any CPU.ActiveCfg = Debug|Any CPU
		{355E3992-3CC5-4010-8E90-9420BC26E5A8}.Debug|Any CPU.Build.0 = Debug|Any CPU
		{355E3992-3CC5-4010-8E90-9420BC26E5A8}.Release|Any CPU.ActiveCfg = Release|Any CPU
		{355E3992-3CC5-4010-8E90-9420BC26E5A8}.Release|Any CPU.Build.0 = Release|Any CPU
		{16E9B205-E023-49BB-9896-0F67B7CBF3F3}.Debug|Any CPU.ActiveCfg = Debug|Any CPU
		{16E9B205-E023-49BB-9896-0F67B7CBF3F3}.Debug|Any CPU.Build.0 = Debug|Any CPU
		{16E9B205-E023-49BB-9896-0F67B7CBF3F3}.Release|Any CPU.ActiveCfg = Release|Any CPU
		{16E9B205-E023-49BB-9896-0F67B7CBF3F3}.Release|Any CPU.Build.0 = Release|Any CPU
		{6C1ECD2A-FFCB-42F6-B0E3-929C1F940275}.Debug|Any CPU.ActiveCfg = Debug|Any CPU
		{6C1ECD2A-FFCB-42F6-B0E3-929C1F940275}.Debug|Any CPU.Build.0 = Debug|Any CPU
		{6C1ECD2A-FFCB-42F6-B0E3-929C1F940275}.Release|Any CPU.ActiveCfg = Release|Any CPU
		{6C1ECD2A-FFCB-42F6-B0E3-929C1F940275}.Release|Any CPU.Build.0 = Release|Any CPU
		{5FD17DBB-EF4E-478D-9ECF-DF568D9CA424}.Debug|Any CPU.ActiveCfg = Debug|Any CPU
		{5FD17DBB-EF4E-478D-9ECF-DF568D9CA424}.Debug|Any CPU.Build.0 = Debug|Any CPU
		{5FD17DBB-EF4E-478D-9ECF-DF568D9CA424}.Release|Any CPU.ActiveCfg = Release|Any CPU
		{5FD17DBB-EF4E-478D-9ECF-DF568D9CA424}.Release|Any CPU.Build.0 = Release|Any CPU
		{9EEAF26A-2C83-4749-B6BA-4FECCE346C7C}.Debug|Any CPU.ActiveCfg = Debug|Any CPU
		{9EEAF26A-2C83-4749-B6BA-4FECCE346C7C}.Debug|Any CPU.Build.0 = Debug|Any CPU
		{9EEAF26A-2C83-4749-B6BA-4FECCE346C7C}.Release|Any CPU.ActiveCfg = Release|Any CPU
		{9EEAF26A-2C83-4749-B6BA-4FECCE346C7C}.Release|Any CPU.Build.0 = Release|Any CPU
		{FBC2DB4D-C2B2-4770-8ADC-7FB2213D4CF4}.Debug|Any CPU.ActiveCfg = Debug|Any CPU
		{FBC2DB4D-C2B2-4770-8ADC-7FB2213D4CF4}.Debug|Any CPU.Build.0 = Debug|Any CPU
		{FBC2DB4D-C2B2-4770-8ADC-7FB2213D4CF4}.Release|Any CPU.ActiveCfg = Release|Any CPU
		{FBC2DB4D-C2B2-4770-8ADC-7FB2213D4CF4}.Release|Any CPU.Build.0 = Release|Any CPU
		{0ACB1E50-DAE4-468C-9F37-6CA87484272F}.Debug|Any CPU.ActiveCfg = Debug|Any CPU
		{0ACB1E50-DAE4-468C-9F37-6CA87484272F}.Debug|Any CPU.Build.0 = Debug|Any CPU
		{0ACB1E50-DAE4-468C-9F37-6CA87484272F}.Release|Any CPU.ActiveCfg = Release|Any CPU
		{0ACB1E50-DAE4-468C-9F37-6CA87484272F}.Release|Any CPU.Build.0 = Release|Any CPU
	EndGlobalSection
	GlobalSection(SolutionProperties) = preSolution
		HideSolutionNode = FALSE
	EndGlobalSection
	GlobalSection(NestedProjects) = preSolution
		{FBC2DB4D-C2B2-4770-8ADC-7FB2213D4CF4} = {D12029D7-4DF3-4927-94E8-BF6C402BF026}
	EndGlobalSection
	GlobalSection(ExtensibilityGlobals) = postSolution
		SolutionGuid = {B3BCFA62-3F9B-4027-AE48-012D730E0A7A}
	EndGlobalSection
EndGlobal
